
Microsoft Visual Studio Solution File, Format Version 12.00
# Visual Studio Version 17
VisualStudioVersion = 17.3.32929.385
MinimumVisualStudioVersion = 10.0.40219.1
Project("{FAE04EC0-301F-11D3-BF4B-00C04F79EFBC}") = "SamsN6", "SamsN6.csproj", "{3C2F0DE0-E7DB-407B-8CE4-3F243D68F4BA}"
EndProject
Global
	GlobalSection(SolutionConfigurationPlatforms) = preSolution
		Debug|Any CPU = Debug|Any CPU
		Release|Any CPU = Release|Any CPU
	EndGlobalSection
	GlobalSection(ProjectConfigurationPlatforms) = postSolution
		{3C2F0DE0-E7DB-407B-8CE4-3F243D68F4BA}.Debug|Any CPU.ActiveCfg = Debug|Any CPU
		{3C2F0DE0-E7DB-407B-8CE4-3F243D68F4BA}.Debug|Any CPU.Build.0 = Debug|Any CPU
		{3C2F0DE0-E7DB-407B-8CE4-3F243D68F4BA}.Release|Any CPU.ActiveCfg = Release|Any CPU
		{3C2F0DE0-E7DB-407B-8CE4-3F243D68F4BA}.Release|Any CPU.Build.0 = Release|Any CPU
	EndGlobalSection
	GlobalSection(SolutionProperties) = preSolution
		HideSolutionNode = FALSE
	EndGlobalSection
	GlobalSection(ExtensibilityGlobals) = postSolution
		SolutionGuid = {BB32E029-1C70-42E1-94D2-DCC7F8BCA5E2}
	EndGlobalSection
EndGlobal
